
Microsoft Visual Studio Solution File, Format Version 12.00
# Visual Studio 14
VisualStudioVersion = 14.0.24720.0
MinimumVisualStudioVersion = 10.0.40219.1
Project("{FAE04EC0-301F-11D3-BF4B-00C04F79EFBC}") = "WRA.Sensors.UI", "WRA.Sensors.UI\WRA.Sensors.UI.csproj", "{46BCD622-632E-4668-820D-AF8B0879FBEE}"
EndProject
Project("{FAE04EC0-301F-11D3-BF4B-00C04F79EFBC}") = "CreateDeviceIdentity", "CreateDeviceIdentity\CreateDeviceIdentity.csproj", "{04CDB5F5-6D8E-44DE-8523-187755364158}"
EndProject
Project("{FAE04EC0-301F-11D3-BF4B-00C04F79EFBC}") = "ReadDeviceToCloudMessages", "ReadDeviceToCloudMessages\ReadDeviceToCloudMessages.csproj", "{54787173-47BC-410C-A7A4-D358630DEB81}"
EndProject
Project("{FAE04EC0-301F-11D3-BF4B-00C04F79EFBC}") = "SimulatedDevice", "SimulatedDevice\SimulatedDevice.csproj", "{128F4C8A-D924-484F-9220-E2180C1B4AC3}"
EndProject
Project("{8BC9CEB8-8B4A-11D0-8D11-00A0C91BC942}") = "WRA.Sensors.Arduino", "WRA.Sensors.Arduino\WRA.Sensors.Arduino.vcxproj", "{98C00EDD-3373-4B9F-853A-796E1C0C0DEC}"
EndProject
Project("{2150E333-8FDC-42A3-9474-1A3956D46DE8}") = "Repo Files", "Repo Files", "{AD102939-DD82-486B-89A8-F23FFD32FF17}"
	ProjectSection(SolutionItems) = preProject
		LICENSE = LICENSE
		README.md = README.md
	EndProjectSection
EndProject
Global
	GlobalSection(SolutionConfigurationPlatforms) = preSolution
		Debug|Any CPU = Debug|Any CPU
		Debug|ARM = Debug|ARM
		Debug|x64 = Debug|x64
		Debug|x86 = Debug|x86
		Release|Any CPU = Release|Any CPU
		Release|ARM = Release|ARM
		Release|x64 = Release|x64
		Release|x86 = Release|x86
	EndGlobalSection
	GlobalSection(ProjectConfigurationPlatforms) = postSolution
		{46BCD622-632E-4668-820D-AF8B0879FBEE}.Debug|Any CPU.ActiveCfg = Debug|x86
		{46BCD622-632E-4668-820D-AF8B0879FBEE}.Debug|ARM.ActiveCfg = Debug|ARM
		{46BCD622-632E-4668-820D-AF8B0879FBEE}.Debug|ARM.Build.0 = Debug|ARM
		{46BCD622-632E-4668-820D-AF8B0879FBEE}.Debug|ARM.Deploy.0 = Debug|ARM
		{46BCD622-632E-4668-820D-AF8B0879FBEE}.Debug|x64.ActiveCfg = Debug|x64
		{46BCD622-632E-4668-820D-AF8B0879FBEE}.Debug|x64.Build.0 = Debug|x64
		{46BCD622-632E-4668-820D-AF8B0879FBEE}.Debug|x64.Deploy.0 = Debug|x64
		{46BCD622-632E-4668-820D-AF8B0879FBEE}.Debug|x86.ActiveCfg = Debug|x86
		{46BCD622-632E-4668-820D-AF8B0879FBEE}.Debug|x86.Build.0 = Debug|x86
		{46BCD622-632E-4668-820D-AF8B0879FBEE}.Debug|x86.Deploy.0 = Debug|x86
		{46BCD622-632E-4668-820D-AF8B0879FBEE}.Release|Any CPU.ActiveCfg = Release|x86
		{46BCD622-632E-4668-820D-AF8B0879FBEE}.Release|ARM.ActiveCfg = Release|ARM
		{46BCD622-632E-4668-820D-AF8B0879FBEE}.Release|ARM.Build.0 = Release|ARM
		{46BCD622-632E-4668-820D-AF8B0879FBEE}.Release|ARM.Deploy.0 = Release|ARM
		{46BCD622-632E-4668-820D-AF8B0879FBEE}.Release|x64.ActiveCfg = Release|x64
		{46BCD622-632E-4668-820D-AF8B0879FBEE}.Release|x64.Build.0 = Release|x64
		{46BCD622-632E-4668-820D-AF8B0879FBEE}.Release|x64.Deploy.0 = Release|x64
		{46BCD622-632E-4668-820D-AF8B0879FBEE}.Release|x86.ActiveCfg = Release|x86
		{46BCD622-632E-4668-820D-AF8B0879FBEE}.Release|x86.Build.0 = Release|x86
		{46BCD622-632E-4668-820D-AF8B0879FBEE}.Release|x86.Deploy.0 = Release|x86
		{04CDB5F5-6D8E-44DE-8523-187755364158}.Debug|Any CPU.ActiveCfg = Debug|Any CPU
		{04CDB5F5-6D8E-44DE-8523-187755364158}.Debug|Any CPU.Build.0 = Debug|Any CPU
		{04CDB5F5-6D8E-44DE-8523-187755364158}.Debug|ARM.ActiveCfg = Debug|Any CPU
		{04CDB5F5-6D8E-44DE-8523-187755364158}.Debug|ARM.Build.0 = Debug|Any CPU
		{04CDB5F5-6D8E-44DE-8523-187755364158}.Debug|x64.ActiveCfg = Debug|Any CPU
		{04CDB5F5-6D8E-44DE-8523-187755364158}.Debug|x64.Build.0 = Debug|Any CPU
		{04CDB5F5-6D8E-44DE-8523-187755364158}.Debug|x86.ActiveCfg = Debug|Any CPU
		{04CDB5F5-6D8E-44DE-8523-187755364158}.Debug|x86.Build.0 = Debug|Any CPU
		{04CDB5F5-6D8E-44DE-8523-187755364158}.Release|Any CPU.ActiveCfg = Release|Any CPU
		{04CDB5F5-6D8E-44DE-8523-187755364158}.Release|Any CPU.Build.0 = Release|Any CPU
		{04CDB5F5-6D8E-44DE-8523-187755364158}.Release|ARM.ActiveCfg = Release|Any CPU
		{04CDB5F5-6D8E-44DE-8523-187755364158}.Release|ARM.Build.0 = Release|Any CPU
		{04CDB5F5-6D8E-44DE-8523-187755364158}.Release|x64.ActiveCfg = Release|Any CPU
		{04CDB5F5-6D8E-44DE-8523-187755364158}.Release|x64.Build.0 = Release|Any CPU
		{04CDB5F5-6D8E-44DE-8523-187755364158}.Release|x86.ActiveCfg = Release|Any CPU
		{04CDB5F5-6D8E-44DE-8523-187755364158}.Release|x86.Build.0 = Release|Any CPU
		{54787173-47BC-410C-A7A4-D358630DEB81}.Debug|Any CPU.ActiveCfg = Debug|Any CPU
		{54787173-47BC-410C-A7A4-D358630DEB81}.Debug|Any CPU.Build.0 = Debug|Any CPU
		{54787173-47BC-410C-A7A4-D358630DEB81}.Debug|ARM.ActiveCfg = Debug|Any CPU
		{54787173-47BC-410C-A7A4-D358630DEB81}.Debug|ARM.Build.0 = Debug|Any CPU
		{54787173-47BC-410C-A7A4-D358630DEB81}.Debug|x64.ActiveCfg = Debug|Any CPU
		{54787173-47BC-410C-A7A4-D358630DEB81}.Debug|x64.Build.0 = Debug|Any CPU
		{54787173-47BC-410C-A7A4-D358630DEB81}.Debug|x86.ActiveCfg = Debug|Any CPU
		{54787173-47BC-410C-A7A4-D358630DEB81}.Debug|x86.Build.0 = Debug|Any CPU
		{54787173-47BC-410C-A7A4-D358630DEB81}.Release|Any CPU.ActiveCfg = Release|Any CPU
		{54787173-47BC-410C-A7A4-D358630DEB81}.Release|Any CPU.Build.0 = Release|Any CPU
		{54787173-47BC-410C-A7A4-D358630DEB81}.Release|ARM.ActiveCfg = Release|Any CPU
		{54787173-47BC-410C-A7A4-D358630DEB81}.Release|ARM.Build.0 = Release|Any CPU
		{54787173-47BC-410C-A7A4-D358630DEB81}.Release|x64.ActiveCfg = Release|Any CPU
		{54787173-47BC-410C-A7A4-D358630DEB81}.Release|x64.Build.0 = Release|Any CPU
		{54787173-47BC-410C-A7A4-D358630DEB81}.Release|x86.ActiveCfg = Release|Any CPU
		{54787173-47BC-410C-A7A4-D358630DEB81}.Release|x86.Build.0 = Release|Any CPU
		{128F4C8A-D924-484F-9220-E2180C1B4AC3}.Debug|Any CPU.ActiveCfg = Debug|Any CPU
		{128F4C8A-D924-484F-9220-E2180C1B4AC3}.Debug|Any CPU.Build.0 = Debug|Any CPU
		{128F4C8A-D924-484F-9220-E2180C1B4AC3}.Debug|ARM.ActiveCfg = Debug|Any CPU
		{128F4C8A-D924-484F-9220-E2180C1B4AC3}.Debug|ARM.Build.0 = Debug|Any CPU
		{128F4C8A-D924-484F-9220-E2180C1B4AC3}.Debug|x64.ActiveCfg = Debug|Any CPU
		{128F4C8A-D924-484F-9220-E2180C1B4AC3}.Debug|x64.Build.0 = Debug|Any CPU
		{128F4C8A-D924-484F-9220-E2180C1B4AC3}.Debug|x86.ActiveCfg = Debug|Any CPU
		{128F4C8A-D924-484F-9220-E2180C1B4AC3}.Debug|x86.Build.0 = Debug|Any CPU
		{128F4C8A-D924-484F-9220-E2180C1B4AC3}.Release|Any CPU.ActiveCfg = Release|Any CPU
		{128F4C8A-D924-484F-9220-E2180C1B4AC3}.Release|Any CPU.Build.0 = Release|Any CPU
		{128F4C8A-D924-484F-9220-E2180C1B4AC3}.Release|ARM.ActiveCfg = Release|Any CPU
		{128F4C8A-D924-484F-9220-E2180C1B4AC3}.Release|ARM.Build.0 = Release|Any CPU
		{128F4C8A-D924-484F-9220-E2180C1B4AC3}.Release|x64.ActiveCfg = Release|Any CPU
		{128F4C8A-D924-484F-9220-E2180C1B4AC3}.Release|x64.Build.0 = Release|Any CPU
		{128F4C8A-D924-484F-9220-E2180C1B4AC3}.Release|x86.ActiveCfg = Release|Any CPU
		{128F4C8A-D924-484F-9220-E2180C1B4AC3}.Release|x86.Build.0 = Release|Any CPU
		{98C00EDD-3373-4B9F-853A-796E1C0C0DEC}.Debug|Any CPU.ActiveCfg = Debug|Win32
		{98C00EDD-3373-4B9F-853A-796E1C0C0DEC}.Debug|ARM.ActiveCfg = Debug|Win32
		{98C00EDD-3373-4B9F-853A-796E1C0C0DEC}.Debug|x64.ActiveCfg = Debug|x64
		{98C00EDD-3373-4B9F-853A-796E1C0C0DEC}.Debug|x64.Build.0 = Debug|x64
		{98C00EDD-3373-4B9F-853A-796E1C0C0DEC}.Debug|x86.ActiveCfg = Debug|Win32
		{98C00EDD-3373-4B9F-853A-796E1C0C0DEC}.Debug|x86.Build.0 = Debug|Win32
		{98C00EDD-3373-4B9F-853A-796E1C0C0DEC}.Release|Any CPU.ActiveCfg = Release|Win32
		{98C00EDD-3373-4B9F-853A-796E1C0C0DEC}.Release|ARM.ActiveCfg = Release|Win32
		{98C00EDD-3373-4B9F-853A-796E1C0C0DEC}.Release|x64.ActiveCfg = Release|x64
		{98C00EDD-3373-4B9F-853A-796E1C0C0DEC}.Release|x64.Build.0 = Release|x64
		{98C00EDD-3373-4B9F-853A-796E1C0C0DEC}.Release|x86.ActiveCfg = Release|Win32
		{98C00EDD-3373-4B9F-853A-796E1C0C0DEC}.Release|x86.Build.0 = Release|Win32
	EndGlobalSection
	GlobalSection(SolutionProperties) = preSolution
		HideSolutionNode = FALSE
	EndGlobalSection
EndGlobal
